<?xml version="1.0" encoding="utf-8"?>
<Project ToolsVersion="4.0" xmlns="http://schemas.microsoft.com/developer/msbuild/2003">
  <ItemGroup>
    <Filter Include="Source Files">
      <UniqueIdentifier>{4FC737F1-C7A5-4376-A066-2A32D752A2FF}</UniqueIdentifier>
      <Extensions>cpp;c;cc;cxx;def;odl;idl;hpj;bat;asm;asmx</Extensions>
    </Filter>
    <Filter Include="Header Files">
      <UniqueIdentifier>{93995380-89BD-4b04-88EB-625FBE52EBFB}</UniqueIdentifier>
      <Extensions>h;hh;hpp;hxx;hm;inl;inc;ipp;xsd</Extensions>
    </Filter>
    <Filter Include="Resource Files">
      <UniqueIdentifier>{67DA6AB6-F800-4c08-8B7A-83BB121AAD01}</UniqueIdentifier>
      <Extensions>rc;ico;cur;bmp;dlg;rc2;rct;bin;rgs;gif;jpg;jpeg;jpe;resx;tiff;tif;png;wav;mfcribbon-ms</Extensions>
    </Filter>
    <Filter Include="Header Files\Messages">
      <UniqueIdentifier>{cde2516e-f52a-4fa5-832a-8ed7ccf04557}</UniqueIdentifier>
    </Filter>
    <Filter Include="Header Files\Queue">
      <UniqueIdentifier>{745c4573-6310-4b02-9b7d-a984ade13c98}</UniqueIdentifier>
    </Filter>
    <Filter Include="Header Files\Run">
      <UniqueIdentifier>{5cb42658-c728-4c47-8027-77e0e160fa53}</UniqueIdentifier>
    </Filter>
    <Filter Include="Header Files\Sonos">
      <UniqueIdentifier>{3beb902f-9cb3-4b91-a4c2-8e0cece0ad2e}</UniqueIdentifier>
    </Filter>
    <Filter Include="Header Files\Configuration">
      <UniqueIdentifier>{453aac57-01ec-41df-9c3a-4a5ad18a703d}</UniqueIdentifier>
    </Filter>
  </ItemGroup>
  <ItemGroup>
    <ClInclude Include="Message.h">
      <Filter>Header Files\Messages</Filter>
    </ClInclude>
    <ClInclude Include="MessageMetaData.h">
      <Filter>Header Files\Messages</Filter>
    </ClInclude>
    <ClInclude Include="ReadMessageInterface.h">
      <Filter>Header Files\Messages</Filter>
    </ClInclude>
    <ClInclude Include="Queue.h">
      <Filter>Header Files\Queue</Filter>
    </ClInclude>
    <ClInclude Include="Runner.h">
      <Filter>Header Files\Run</Filter>
    </ClInclude>
    <ClInclude Include="IPrint.h">
      <Filter>Header Files\Run</Filter>
    </ClInclude>
    <ClInclude Include="PrintQueue.h">
      <Filter>Header Files\Run</Filter>
    </ClInclude>
    <ClInclude Include="Logging.h">
      <Filter>Header Files</Filter>
    </ClInclude>
    <ClInclude Include="Thread.h">
      <Filter>Header Files</Filter>
    </ClInclude>
    <ClInclude Include="Timer.h">
      <Filter>Header Files</Filter>
    </ClInclude>
    <ClInclude Include="TelldusManager.h">
      <Filter>Header Files</Filter>
    </ClInclude>
    <ClInclude Include="StringTools.h">
      <Filter>Header Files</Filter>
    </ClInclude>
    <ClInclude Include="ProgramManager.h">
      <Filter>Header Files</Filter>
    </ClInclude>
    <ClInclude Include="Subscription.h">
      <Filter>Header Files</Filter>
    </ClInclude>
    <ClInclude Include="ISubscribe.h">
      <Filter>Header Files</Filter>
    </ClInclude>
    <ClInclude Include="HueManager.h">
      <Filter>Header Files</Filter>
    </ClInclude>
    <ClInclude Include="HueClient.h">
      <Filter>Header Files</Filter>
    </ClInclude>
    <ClInclude Include="MessageLightState.h">
      <Filter>Header Files\Messages</Filter>
    </ClInclude>
    <ClInclude Include="RemoteTelldus.h">
      <Filter>Header Files</Filter>
    </ClInclude>
    <ClInclude Include="ArctechSwitch.h">
      <Filter>Header Files</Filter>
    </ClInclude>
    <ClInclude Include="MandloynSensor.h">
      <Filter>Header Files</Filter>
    </ClInclude>
    <ClInclude Include="BluetoothDevice.h">
      <Filter>Header Files</Filter>
    </ClInclude>
    <ClInclude Include="RemoteManager.h">
      <Filter>Header Files</Filter>
    </ClInclude>
    <ClInclude Include="LightState.h">
      <Filter>Header Files</Filter>
    </ClInclude>
    <ClInclude Include="ILightControl.h">
      <Filter>Header Files</Filter>
    </ClInclude>
    <ClInclude Include="Light.h">
      <Filter>Header Files</Filter>
    </ClInclude>
    <ClInclude Include="MappingManager.h">
      <Filter>Header Files</Filter>
    </ClInclude>
    <ClInclude Include="OAuth2.h">
      <Filter>Header Files</Filter>
    </ClInclude>
    <ClInclude Include="IOauth2.h">
      <Filter>Header Files</Filter>
    </ClInclude>
    <ClInclude Include="ISonosCMDs.h">
      <Filter>Header Files\Sonos</Filter>
    </ClInclude>
    <ClInclude Include="ISonosConnection.h">
      <Filter>Header Files\Sonos</Filter>
    </ClInclude>
    <ClInclude Include="SonosConnection.h">
      <Filter>Header Files\Sonos</Filter>
    </ClInclude>
    <ClInclude Include="SonosClient.h">
      <Filter>Header Files\Sonos</Filter>
    </ClInclude>
    <ClInclude Include="SonosManager.h">
      <Filter>Header Files\Sonos</Filter>
    </ClInclude>
    <ClInclude Include="ThreadManager.h">
      <Filter>Header Files</Filter>
    </ClInclude>
    <ClInclude Include="IRuntimeConfigure.h">
      <Filter>Header Files</Filter>
    </ClInclude>
    <ClInclude Include="RuntimeId.h">
      <Filter>Header Files</Filter>
    </ClInclude>
    <ClInclude Include="IRuntime.h">
      <Filter>Header Files</Filter>
    </ClInclude>
    <ClInclude Include="IRuntimeInfo.h">
      <Filter>Header Files</Filter>
    </ClInclude>
    <ClInclude Include="IRuntimeMessageHandling.h">
      <Filter>Header Files</Filter>
    </ClInclude>
    <ClInclude Include="IRuntimeRegister.h">
      <Filter>Header Files</Filter>
    </ClInclude>
    <ClInclude Include="IRuntimeMessageProcessing.h">
      <Filter>Header Files</Filter>
    </ClInclude>
    <ClInclude Include="SynchronosThreadManager.h">
      <Filter>Header Files</Filter>
    </ClInclude>
    <ClInclude Include="PreparseMessage.h">
      <Filter>Header Files</Filter>
    </ClInclude>
    <ClInclude Include="SynchronosThread.h">
      <Filter>Header Files</Filter>
    </ClInclude>
    <ClInclude Include="ICallbacks.h">
      <Filter>Header Files</Filter>
    </ClInclude>
    <ClInclude Include="Configuration.h">
      <Filter>Header Files\Configuration</Filter>
    </ClInclude>
    <ClInclude Include="IGetConfiguration.h">
      <Filter>Header Files\Configuration</Filter>
    </ClInclude>
    <ClInclude Include="TCPHandler.h">
      <Filter>Header Files</Filter>
    </ClInclude>
    <ClInclude Include="iNetworkReceive.h">
      <Filter>Header Files</Filter>
    </ClInclude>
    <ClInclude Include="iRun.h">
      <Filter>Header Files</Filter>
    </ClInclude>
    <ClInclude Include="seriealizeFunctions.h">
      <Filter>Header Files</Filter>
    </ClInclude>
    <ClInclude Include="networkReceiveHandler.h">
      <Filter>Header Files</Filter>
    </ClInclude>
    <ClInclude Include="networkMessageHandler.h">
      <Filter>Header Files</Filter>
    </ClInclude>
    <ClInclude Include="HTTPServer.h">
      <Filter>Header Files</Filter>
    </ClInclude>
    <ClInclude Include="iRESTApi.h">
      <Filter>Header Files</Filter>
    </ClInclude>
    <ClInclude Include="RESTApi.h">
      <Filter>Header Files</Filter>
    </ClInclude>
    <ClInclude Include="JSONManager.h">
      <Filter>Header Files</Filter>
    </ClInclude>
    <ClInclude Include="IJSONManager.h">
      <Filter>Header Files</Filter>
    </ClInclude>
    <ClInclude Include="SensorManager.h">
      <Filter>Header Files</Filter>
    </ClInclude>
    <ClInclude Include="Sensor.h">
      <Filter>Header Files</Filter>
    </ClInclude>
    <ClInclude Include="IGetSensor.h">
      <Filter>Header Files</Filter>
    </ClInclude>
    <ClInclude Include="MessageWithDirectAnswer.h">
      <Filter>Header Files\Messages</Filter>
    </ClInclude>
    <ClInclude Include="CommandLineManager.h">
      <Filter>Header Files</Filter>
    </ClInclude>
    <ClInclude Include="TelldusCommandLineManager.h">
      <Filter>Header Files</Filter>
    </ClInclude>
  </ItemGroup>
  <ItemGroup>
    <ClCompile Include="Message.cpp">
      <Filter>Source Files</Filter>
    </ClCompile>
    <ClCompile Include="PrintQueue.cpp">
      <Filter>Source Files</Filter>
    </ClCompile>
    <ClCompile Include="Thread.cpp">
      <Filter>Source Files</Filter>
    </ClCompile>
    <ClCompile Include="Timer.cpp">
      <Filter>Source Files</Filter>
    </ClCompile>
    <ClCompile Include="TelldusManager.cpp">
      <Filter>Source Files</Filter>
    </ClCompile>
    <ClCompile Include="StringTools.cpp">
      <Filter>Source Files</Filter>
    </ClCompile>
    <ClCompile Include="ProgramManager.cpp">
      <Filter>Source Files</Filter>
    </ClCompile>
    <ClCompile Include="Subscription.cpp">
      <Filter>Source Files</Filter>
    </ClCompile>
    <ClCompile Include="HueManager.cpp">
      <Filter>Source Files</Filter>
    </ClCompile>
    <ClCompile Include="HueClient.cpp">
      <Filter>Source Files</Filter>
    </ClCompile>
    <ClCompile Include="RemoteTelldus.cpp">
      <Filter>Source Files</Filter>
    </ClCompile>
    <ClCompile Include="RemoteManager.cpp">
      <Filter>Source Files</Filter>
    </ClCompile>
    <ClCompile Include="MappingManager.cpp">
      <Filter>Source Files</Filter>
    </ClCompile>
    <ClCompile Include="main.cpp">
      <Filter>Source Files</Filter>
    </ClCompile>
    <ClCompile Include="SonosManager.cpp">
      <Filter>Source Files</Filter>
    </ClCompile>
    <ClCompile Include="OAuth2.cpp">
      <Filter>Source Files</Filter>
    </ClCompile>
    <ClCompile Include="SonosClient.cpp">
      <Filter>Source Files</Filter>
    </ClCompile>
    <ClCompile Include="SonosConnection.cpp">
      <Filter>Source Files</Filter>
    </ClCompile>
    <ClCompile Include="ThreadManager.cpp">
      <Filter>Source Files</Filter>
    </ClCompile>
    <ClCompile Include="SynchronosThreadManager.cpp">
      <Filter>Source Files</Filter>
    </ClCompile>
    <ClCompile Include="PreParseMessagecpp.cpp">
      <Filter>Source Files</Filter>
    </ClCompile>
    <ClCompile Include="SynchronosThread.cpp">
      <Filter>Source Files</Filter>
    </ClCompile>
    <ClCompile Include="Configuration.cpp">
      <Filter>Source Files</Filter>
    </ClCompile>
    <ClCompile Include="TCPHandler.cpp">
      <Filter>Source Files</Filter>
    </ClCompile>
    <ClCompile Include="serializeFunctions.cpp">
      <Filter>Source Files</Filter>
    </ClCompile>
    <ClCompile Include="networkReceiveHandler.cpp">
      <Filter>Source Files</Filter>
    </ClCompile>
    <ClCompile Include="networkMessageHandler.cpp">
      <Filter>Source Files</Filter>
    </ClCompile>
    <ClCompile Include="HTTPServer.cpp">
      <Filter>Source Files</Filter>
    </ClCompile>
    <ClCompile Include="RESTApi.cpp">
      <Filter>Source Files</Filter>
    </ClCompile>
    <ClCompile Include="JSONManager.cpp">
      <Filter>Source Files</Filter>
    </ClCompile>
    <ClCompile Include="SensorManager.cpp">
      <Filter>Source Files</Filter>
    </ClCompile>
    <ClCompile Include="CommandLineManager.cpp">
      <Filter>Source Files</Filter>
    </ClCompile>
    <ClCompile Include="TelldusCommandLineManager.cpp">
      <Filter>Source Files</Filter>
    </ClCompile>
  </ItemGroup>
</Project>